
Microsoft Visual Studio Solution File, Format Version 12.00
# Visual Studio 14
VisualStudioVersion = 14.0.25420.1
MinimumVisualStudioVersion = 10.0.40219.1
Project("{FAE04EC0-301F-11D3-BF4B-00C04F79EFBC}") = "SportsStore.Domain", "SportsStore.Domain\SportsStore.Domain.csproj", "{868A36CB-2B4A-48D4-B1DE-337F78FDD5C6}"
EndProject
Project("{FAE04EC0-301F-11D3-BF4B-00C04F79EFBC}") = "SportsStore.WebUI", "SportsStore.WebUI\SportsStore.WebUI.csproj", "{9F45B482-5FFF-470A-8A19-043B703771A0}"
EndProject
Project("{FAE04EC0-301F-11D3-BF4B-00C04F79EFBC}") = "SportsStore.UnitTests", "SportsStore.UnitTests\SportsStore.UnitTests.csproj", "{C9B3A6D7-EB21-485F-A018-20BF6281884C}"
EndProject
Global
	GlobalSection(SolutionConfigurationPlatforms) = preSolution
		Debug|Any CPU = Debug|Any CPU
		Release|Any CPU = Release|Any CPU
	EndGlobalSection
	GlobalSection(ProjectConfigurationPlatforms) = postSolution
		{868A36CB-2B4A-48D4-B1DE-337F78FDD5C6}.Debug|Any CPU.ActiveCfg = Debug|Any CPU
		{868A36CB-2B4A-48D4-B1DE-337F78FDD5C6}.Debug|Any CPU.Build.0 = Debug|Any CPU
		{868A36CB-2B4A-48D4-B1DE-337F78FDD5C6}.Release|Any CPU.ActiveCfg = Release|Any CPU
		{868A36CB-2B4A-48D4-B1DE-337F78FDD5C6}.Release|Any CPU.Build.0 = Release|Any CPU
		{9F45B482-5FFF-470A-8A19-043B703771A0}.Debug|Any CPU.ActiveCfg = Debug|Any CPU
		{9F45B482-5FFF-470A-8A19-043B703771A0}.Debug|Any CPU.Build.0 = Debug|Any CPU
		{9F45B482-5FFF-470A-8A19-043B703771A0}.Release|Any CPU.ActiveCfg = Release|Any CPU
		{9F45B482-5FFF-470A-8A19-043B703771A0}.Release|Any CPU.Build.0 = Release|Any CPU
		{C9B3A6D7-EB21-485F-A018-20BF6281884C}.Debug|Any CPU.ActiveCfg = Debug|Any CPU
		{C9B3A6D7-EB21-485F-A018-20BF6281884C}.Debug|Any CPU.Build.0 = Debug|Any CPU
		{C9B3A6D7-EB21-485F-A018-20BF6281884C}.Release|Any CPU.ActiveCfg = Release|Any CPU
		{C9B3A6D7-EB21-485F-A018-20BF6281884C}.Release|Any CPU.Build.0 = Release|Any CPU
	EndGlobalSection
	GlobalSection(SolutionProperties) = preSolution
		HideSolutionNode = FALSE
	EndGlobalSection
EndGlobal
